PODS:
  - AFNetworking (2.2.0):
    - AFNetworking/NSURLConnection
    - AFNetworking/NSURLSession
    - AFNetworking/Reachability
    - AFNetworking/Security
    - AFNetworking/Serialization
    - AFNetworking/UIKit
  - AFNetworking/NSURLConnection (2.2.0):
    - AFNetworking/Reachability
    - AFNetworking/Security
    - AFNetworking/Serialization
  - AFNetworking/NSURLSession (2.2.0):
    - AFNetworking/NSURLConnection
  - AFNetworking/Reachability (2.2.0)
  - AFNetworking/Security (2.2.0)
  - AFNetworking/Serialization (2.2.0)
  - AFNetworking/UIKit (2.2.0):
    - AFNetworking/NSURLConnection
    - AFNetworking/NSURLSession
  - DCTCoreDataStack (1.1)
  - Expecta (0.2.4)
  - iOS-api (0.0.46):
    - AFNetworking (~> 2.2.0)
    - DCTCoreDataStack (~> 1.1)
  - OCMock (2.2.3)
  - PaymentKit (1.0.2)
  - SevenSwitch (1.3.0)
  - Specta (0.2.1)
  - Stripe (1.0.2):
    - PaymentKit
  - TapkuLibrary (0.2.4)

DEPENDENCIES:
  - Expecta (~> 0.2.3)
  - iOS-api (from `.`)
  - OCMock (~> 2.2.3)
  - SevenSwitch (~> 1.3.0)
  - Specta (~> 0.2.1)
  - Stripe (~> 1.0.2)
  - TapkuLibrary (from `https://github.com/Hubbub/tapkulibrary.git`, branch `ios7`)

EXTERNAL SOURCES:
  iOS-api:
    :podspec: .
  TapkuLibrary:
    :branch: ios7
    :git: https://github.com/Hubbub/tapkulibrary.git

SPEC CHECKSUMS:
  AFNetworking: e8cfd8f3fe3bfe19124a0cc63f4d45752d892a56
  DCTCoreDataStack: 4090bc1d6819fda813c7cc45119d1fa8fd8b8b3c
  Expecta: 5c147dedfea5fbcf773995f7e65020abcc936ce5
  iOS-api: cd70a7680696462ff08736ff797b8a06cad31af8
  OCMock: 74e4ddbcef134170dcc844f91c691f13868075d7
  PaymentKit: be75a5398a9465edd84f7249a9e57d707da025fb
  SevenSwitch: f1ae106a4fcb459829ba5a6a3265e7e9f873f80c
  Specta: 2d06220591110c6d9757d8be8ecf8e63aa40dc2a
  Stripe: 8ce5fe9eca204058d325fcf08d4835585ab8d23b
  TapkuLibrary: 9429b4702b3fb1c58669490e2d301cf37f76a766

COCOAPODS: 0.29.0
