PODS:
  - AFNetworking (2.2.2):
    - AFNetworking/NSURLConnection
    - AFNetworking/NSURLSession
    - AFNetworking/Reachability
    - AFNetworking/Security
    - AFNetworking/Serialization
    - AFNetworking/UIKit
  - AFNetworking/NSURLConnection (2.2.2):
    - AFNetworking/Reachability
    - AFNetworking/Security
    - AFNetworking/Serialization
  - AFNetworking/NSURLSession (2.2.2):
    - AFNetworking/NSURLConnection
  - AFNetworking/Reachability (2.2.2)
  - AFNetworking/Security (2.2.2)
  - AFNetworking/Serialization (2.2.2)
  - AFNetworking/UIKit (2.2.2):
    - AFNetworking/NSURLConnection
    - AFNetworking/NSURLSession
  - DCTCoreDataStack (1.1)
  - Expecta (0.2.4)
  - iOS-api (0.0.61):
    - AFNetworking (~> 2.2.0)
    - DCTCoreDataStack (~> 1.1)
  - OCMock (2.2.4)
  - PaymentKit (1.0.5)
  - PPSSignatureView (0.1.0)
  - SevenSwitch (1.3.0)
  - Specta (0.2.1)
  - Stripe (1.0.4):
    - PaymentKit (~> 1.0.4)
  - TapkuLibrary (0.2.4)
  - UIAlertView-Blocks (1.0)
  - UIImage+PDF (1.1.3)
  - UIView+Shake (0.2)

DEPENDENCIES:
  - Expecta (~> 0.2.3)
  - iOS-api (from `.`)
  - OCMock (~> 2.2.3)
  - PPSSignatureView (~> 0.1.0)
  - SevenSwitch (~> 1.3.0)
  - Specta (~> 0.2.1)
  - Stripe (~> 1.0.2)
  - TapkuLibrary (from `https://github.com/Hubbub/tapkulibrary.git`, branch `ios7`)
  - UIAlertView-Blocks (~> 1.0)
  - UIImage+PDF (~> 1.1.2)
  - UIView+Shake (~> 0.2)

EXTERNAL SOURCES:
  iOS-api:
    :podspec: .
  TapkuLibrary:
    :branch: ios7
    :git: https://github.com/Hubbub/tapkulibrary.git

SPEC CHECKSUMS:
  AFNetworking: dd8c1868e57451e3d17ebd3516f2a8c16f9646fe
  DCTCoreDataStack: 4090bc1d6819fda813c7cc45119d1fa8fd8b8b3c
  Expecta: 5c147dedfea5fbcf773995f7e65020abcc936ce5
  iOS-api: be99d303d143b65401bca4971f1dfe21ab4c8b72
  OCMock: 5008fae4b4789b8fc3e48cd7660f2eb5ef8ce89e
  PaymentKit: 92df7c2fb4fb3b4e0c3f5fb8c8e75cc528025126
  PPSSignatureView: 83ffa630306afc93ad595e5a6e98a0dba1c8a49b
  SevenSwitch: f1ae106a4fcb459829ba5a6a3265e7e9f873f80c
  Specta: 2d06220591110c6d9757d8be8ecf8e63aa40dc2a
  Stripe: 8b8e92a001b63707eb73e5e0b4256a06e5feb816
  TapkuLibrary: 9429b4702b3fb1c58669490e2d301cf37f76a766
  UIAlertView-Blocks: f7be28a08e85ec21143951ec6797ca6474faf563
  UIImage+PDF: d11cf573422930295467a9867fd1a6bda11421a0
  UIView+Shake: 8303c6fe633cfecf4c6f1b6748aa76ab9bad2e35

COCOAPODS: 0.32.1
